
Microsoft Visual Studio Solution File, Format Version 12.00
# Visual Studio Version 16
VisualStudioVersion = 16.0.29001.49
MinimumVisualStudioVersion = 10.0.40219.1
Project("{FAE04EC0-301F-11D3-BF4B-00C04F79EFBC}") = "Move-picture", "Move-picture\Move-picture.csproj", "{10EB8605-9EE0-43B0-A476-16A9D2426BF9}"
EndProject
Global
	GlobalSection(SolutionConfigurationPlatforms) = preSolution
		Debug|Any CPU = Debug|Any CPU
		Release|Any CPU = Release|Any CPU
	EndGlobalSection
	GlobalSection(ProjectConfigurationPlatforms) = postSolution
		{10EB8605-9EE0-43B0-A476-16A9D2426BF9}.Debug|Any CPU.ActiveCfg = Debug|Any CPU
		{10EB8605-9EE0-43B0-A476-16A9D2426BF9}.Debug|Any CPU.Build.0 = Debug|Any CPU
		{10EB8605-9EE0-43B0-A476-16A9D2426BF9}.Release|Any CPU.ActiveCfg = Release|Any CPU
		{10EB8605-9EE0-43B0-A476-16A9D2426BF9}.Release|Any CPU.Build.0 = Release|Any CPU
	EndGlobalSection
	GlobalSection(SolutionProperties) = preSolution
		HideSolutionNode = FALSE
	EndGlobalSection
	GlobalSection(ExtensibilityGlobals) = postSolution
		SolutionGuid = {7C919C17-2338-4045-BB7F-2544A2B722B6}
	EndGlobalSection
EndGlobal
